
Microsoft Visual Studio Solution File, Format Version 12.00
# Visual Studio Version 17
VisualStudioVersion = 17.8.34511.84
MinimumVisualStudioVersion = 10.0.40219.1
Project("{9A19103F-16F7-4668-BE54-9A1E7A4F7556}") = "PRN221-MeVaBe-Repo", "PRN221-MeVaBe-Repo\PRN221-MeVaBe-Repo.csproj", "{0413EFD7-2653-4756-8B3C-ED9A7BE5942C}"
EndProject
Project("{9A19103F-16F7-4668-BE54-9A1E7A4F7556}") = "PRN221-MeVaBe-WebClient-User", "PRN221-MeVaBe-WebClient\PRN221-MeVaBe-WebClient-User.csproj", "{D4D04A27-7541-4131-9FAD-DCB4D4BC4CD3}"
EndProject
Project("{9A19103F-16F7-4668-BE54-9A1E7A4F7556}") = "PRN221-MeVaBe-WebClient-Admin", "PRN221-MeVaBe-WebClient-Admin\PRN221-MeVaBe-WebClient-Admin.csproj", "{3B001333-B272-4ADB-849F-FEA1F3E825A6}"
EndProject
Project("{FAE04EC0-301F-11D3-BF4B-00C04F79EFBC}") = "Services", "Services\Services.csproj", "{C4133097-D019-43E2-AEC9-ABC8AEEB6E60}"
EndProject
Global
	GlobalSection(SolutionConfigurationPlatforms) = preSolution
		Debug|Any CPU = Debug|Any CPU
		Release|Any CPU = Release|Any CPU
	EndGlobalSection
	GlobalSection(ProjectConfigurationPlatforms) = postSolution
		{0413EFD7-2653-4756-8B3C-ED9A7BE5942C}.Debug|Any CPU.ActiveCfg = Debug|Any CPU
		{0413EFD7-2653-4756-8B3C-ED9A7BE5942C}.Debug|Any CPU.Build.0 = Debug|Any CPU
		{0413EFD7-2653-4756-8B3C-ED9A7BE5942C}.Release|Any CPU.ActiveCfg = Release|Any CPU
		{0413EFD7-2653-4756-8B3C-ED9A7BE5942C}.Release|Any CPU.Build.0 = Release|Any CPU
		{D4D04A27-7541-4131-9FAD-DCB4D4BC4CD3}.Debug|Any CPU.ActiveCfg = Debug|Any CPU
		{D4D04A27-7541-4131-9FAD-DCB4D4BC4CD3}.Debug|Any CPU.Build.0 = Debug|Any CPU
		{D4D04A27-7541-4131-9FAD-DCB4D4BC4CD3}.Release|Any CPU.ActiveCfg = Release|Any CPU
		{D4D04A27-7541-4131-9FAD-DCB4D4BC4CD3}.Release|Any CPU.Build.0 = Release|Any CPU
		{3B001333-B272-4ADB-849F-FEA1F3E825A6}.Debug|Any CPU.ActiveCfg = Debug|Any CPU
		{3B001333-B272-4ADB-849F-FEA1F3E825A6}.Debug|Any CPU.Build.0 = Debug|Any CPU
		{3B001333-B272-4ADB-849F-FEA1F3E825A6}.Release|Any CPU.ActiveCfg = Release|Any CPU
		{3B001333-B272-4ADB-849F-FEA1F3E825A6}.Release|Any CPU.Build.0 = Release|Any CPU
		{C4133097-D019-43E2-AEC9-ABC8AEEB6E60}.Debug|Any CPU.ActiveCfg = Debug|Any CPU
		{C4133097-D019-43E2-AEC9-ABC8AEEB6E60}.Debug|Any CPU.Build.0 = Debug|Any CPU
		{C4133097-D019-43E2-AEC9-ABC8AEEB6E60}.Release|Any CPU.ActiveCfg = Release|Any CPU
		{C4133097-D019-43E2-AEC9-ABC8AEEB6E60}.Release|Any CPU.Build.0 = Release|Any CPU
	EndGlobalSection
	GlobalSection(SolutionProperties) = preSolution
		HideSolutionNode = FALSE
	EndGlobalSection
	GlobalSection(ExtensibilityGlobals) = postSolution
		SolutionGuid = {F4571380-ADBA-4F64-B4BC-6F1ED77B574F}
	EndGlobalSection
EndGlobal
